
Microsoft Visual Studio Solution File, Format Version 12.00
# Visual Studio Version 17
VisualStudioVersion = 17.11.35327.3
MinimumVisualStudioVersion = 10.0.40219.1
Project("{FAE04EC0-301F-11D3-BF4B-00C04F79EFBC}") = "ConsoleApp1", "ConsoleApp1\ConsoleApp1.csproj", "{71A9CDF2-5985-4926-AAA3-0FAB8C46EE41}"
EndProject
Global
	GlobalSection(SolutionConfigurationPlatforms) = preSolution
		Debug|Any CPU = Debug|Any CPU
		Release|Any CPU = Release|Any CPU
	EndGlobalSection
	GlobalSection(ProjectConfigurationPlatforms) = postSolution
		{71A9CDF2-5985-4926-AAA3-0FAB8C46EE41}.Debug|Any CPU.ActiveCfg = Debug|Any CPU
		{71A9CDF2-5985-4926-AAA3-0FAB8C46EE41}.Debug|Any CPU.Build.0 = Debug|Any CPU
		{71A9CDF2-5985-4926-AAA3-0FAB8C46EE41}.Release|Any CPU.ActiveCfg = Release|Any CPU
		{71A9CDF2-5985-4926-AAA3-0FAB8C46EE41}.Release|Any CPU.Build.0 = Release|Any CPU
	EndGlobalSection
	GlobalSection(SolutionProperties) = preSolution
		HideSolutionNode = FALSE
	EndGlobalSection
	GlobalSection(ExtensibilityGlobals) = postSolution
		SolutionGuid = {A3B70C0D-F6D7-4629-89BD-6F4D3E5AF42C}
	EndGlobalSection
EndGlobal
